# GENERATED by tools/check-core-assets.sh — do not hand-edit.
# Bump CACHE_NAME in service-worker.js, then re-run with --update.
CACHE_NAME=jumvi-missions-v211
36cc9ffa94e3da51e41fb3a45192ec0edfbcc550587b3f69468948a668f23279  /
36cc9ffa94e3da51e41fb3a45192ec0edfbcc550587b3f69468948a668f23279  /index.html
e01fa57114ad01ff056b527223dd4d97948cbc3fba725b8096febe992954be4d  /tr/index.html
b722771955957e8f38423fcb8570f6fa97e0312161a5e96c45d9e1451939ebbf  /tr/manifest.json
966a36bafb8e5262b2642f33a24d592327748af36b0a8a389ae049a72efcde18  /style.css
3c716eb99fb0894c07a107fa5827d5b56e93992af50256def0b1a52e35f540da  /warm-toy.css
642e08e88d497f64f09aaa9c72614fcef8553897ab7b0a66055c131a215519ba  /app.js
0e2956a4d2706adceb10970e4bda304743f412c1b827d2442e270d869a406938  /data.js
d0c0019c4df89cf1ce7b204f664ff75e520564f1ee05485c895bc9e83819fd57  /play-modes.js
4aea1be396dca6b849436d003ea35ba20f62cb00761a56b5798d2711334a1fe2  /mission-coaching.js
9449f34ab975ccf544c939a447f7d144c5150e47fe81a83e3d032e0c8bde992e  /play-mode-icons.js
3cc8aabaa0a34b672692bfafaa4a1f104df6be44b1701e4593519732b4b5c216  /jumvi-mission-icons.js
fc3b705826797531dfb4de1bf28b317946dc87af88dde7dd32fdfffdf7b3f3dc  /jumvi-art.js
83358b896f0c892bd9eebe47f43a064f5a62dae5628e3ef494fae1efadef649f  /assets/ui/missions/01-speed-demon.webp
b4d1b3eccff786013acefe10db31c55da9b256c45d7a4226fbf0752d15e710db  /assets/ui/missions/02-red-light-green-light.webp
cd97eaf0056cfc19a2557b9c95c23f6176994d26d33ea632f44d5a04ce02b427  /assets/ui/missions/03-quick-slap.webp
a5874f093291fd04b1e8deff617e7b06bbbcc0c05a4182fc7c3fe3174691f2f8  /assets/ui/missions/04-switcharoo.webp
d8da561fac355e31d8b2785e117c21c63207161fb2100ada5133d23569385725  /assets/ui/missions/05-statue-mode.webp
3e4abd47d86175e328380ae85035128a3712477e0e91944581ae9fc9e3361c71  /assets/ui/missions/06-number-echo.webp
ac56bc1d36d17adda98f06ffd8d25e903fdf7c098887ca4bfdaf18d693dea614  /assets/ui/missions/07-rainbow-throws.webp
1a4fb9f81897384ac5de98f3a45a3e243b31af1523c2da0a4ac9dda2748876d5  /assets/ui/missions/08-the-landing-pad.webp
bba132e1b281ca1da8be2c4221b0d0bf155a354cd4631196c83510a526f04950  /assets/ui/missions/09-step-back-challenge.webp
19f43d4d59ad55c7df61e19a69e954d008f95c5a98726eecb1d0e9b611106589  /assets/ui/missions/10-power-step.webp
2a602562263de58301bdb75e9aab2c1e7dd97a568ed1af9919c2f5d0c7457e97  /assets/ui/missions/11-sky-floater.webp
961727eeb96c963bec3be50c6dfac8d0dabc79f7e340e3146df0eacfa9d79a6c  /assets/ui/missions/12-heart-high.webp
78aadd4314ace1b699cb9c848e010c07a386a19a590eec8602f3149a414aa862  /assets/ui/missions/13-silent-mode.webp
9f747aba75c2b83133c47b7743864467c8b0fb1b804f003148aa2c8a07653e19  /assets/ui/missions/14-tempo-master.webp
c59e3b4f6ff492c30155bf85d5cb27842910516e54f4681e2e7c049b5967729b  /assets/ui/missions/15-spotlight-eyes.webp
d347824b22997b5dbd804c837f9c764a2f7454d0cd47092bd9f6ae0709458389  /assets/ui/missions/16-1-2-3-go.webp
7f79b2fc33660d891dc1607f928df3eb74a4d07c2e2505b70ee8224a5153017f  /assets/ui/missions/17-mirror-mode.webp
04f4cb96d99ea545c13bbad6d0e7eec3d9ba74f2eeb06c7fa9b7e639bd0c8bd4  /assets/ui/missions/18-count-to-10.webp
9e2ca81f666df972db70edc6104ab3f8d1ac57e425f086c72fd1e45ce7f48626  /assets/ui/missions/19-round-robin.webp
a13f77427da9c79410e2c15727fcb4b101ae10795244fc147717463ba8f758fd  /assets/ui/missions/20-crab-walk-relay.webp
e92667359bd8b954ed64fb9ce07cd7d71c1dc312699a3864db94c14f17cf2f0f  /assets/ui/missions/21-captain-says.webp
37d042cd547c156b933a730c6cc738750e137ed13c7a5c9fe76fc288c7bc275b  /assets/ui/missions/22-spin-squad.webp
f409f7d3aa498b3ce1b25b3c62ed63a60fdc184480ba4beb9158cf9d90ea3ef7  /assets/ui/missions/23-mix-it-up.webp
a3b45f05aa08f603251aac85f93727fc7d1be4fb7071cf8ae67ec9ce4c8cf4ef  /assets/ui/missions/24-2v2-squad-count.webp
3b8887056fb39ea5ef834fb42208c8f1fc67d4cf8593dae61b3a6648eb1f4092  /assets/ui/missions/25-chill-catch.webp
727ad7ac0da23110cbd7a3f8d0ba96353017d3e0feb6f83451bc0e8f9345e02e  /assets/ui/missions/26-tiny-space.webp
17a0c486992706efe1a41567ca933002f8ade71c2a32286a53f3ee13ecf09a5b  /assets/ui/missions/27-secret-signal.webp
0f06ace70fd5c0db2e5aa12e3369985e7c5ffd03bc0fa097b5a9ec61b76daf09  /assets/ui/missions/28-mind-reader.webp
e54bfee647c218fbb54dfa6ab0eac39e2c318125fbd017b3fa03954d1558a055  /assets/ui/missions/29-stuck-foot-catch.webp
4f07ceb2d432fe4cfc3c62456aa6d882620a7603c600b96f9afe46e036fbc5e3  /assets/ui/missions/30-left-or-right.webp
490448183dd13c491f1ee68073a40f67d2d527a168ae8b30d11514683d18b463  /assets/ui/missions/31-cloud-chaser.webp
dff1455ace2ce04a497817ac5be485e234d14a5943144ef6f33bd631aaac30db  /assets/ui/missions/32-home-base.webp
319e8c1036dcc4e6661047952e7c4c41f1dbaabeba42d2b8dc05340c18bde527  /assets/ui/missions/33-how-far-can-you-throw.webp
e3e577643930395c2c0da3b89ef7fa935609ab6387fb4e70a28c6f5f3c795766  /assets/ui/missions/34-chase-the-ball.webp
81ff83c4d3cd65f5cd395649210a383c11f460986553004c19d23b4b3d75b55c  /assets/ui/missions/35-sky-high-jump.webp
f7d11971c9d72137364b80370d0c07f9c3e3e6aabdd98d7610c25226a607edc0  /assets/ui/missions/36-marathon-rally.webp
cf6e5dbe88f505859e8beb7ee9c05cb19162de86915aeb1a40844ffbc3105d83  /assets/ui/packs/aim-master.webp
8610c11718e75f061b97b9dfe42afe65f619bf0b9a5fedf52d52e3b37b3fafb0  /assets/ui/packs/focus-control.webp
a4cd45d1f9e884faa1459ab23fe7d9b027acb2e88280adb10ae987f8b46ff85f  /assets/ui/packs/team-duo.webp
85873b529e10b916fa8b25ad09a15ec894a000aa9939f9b753af90218ad54acb  /assets/ui/packs/indoor-compact.webp
cf70ba7234aa1447469a21f0b50146e29aeb420573f82b6ce4a0bdc0c44867c3  /assets/ui/packs/beach-park.webp
7aa6bcef4812a1e4ec13d9592de9a1a1b19ac34294e777d951f21511d31508a5  /assets/ui/packs/reflex-rush.webp
c294c9094edc5206fa347d0e9822e2fbfb590087c84049909f46342780e0aa15  /assets/ui/badges/first.webp
96331ce261812530e98664b766c364af3fdc2b7c73b9d30a199c8d2bc86142a4  /assets/ui/badges/aim.webp
e24ca63820321dfb1b4e2b8900fbbb7458b96ae3c4119796966a069d0158f3e7  /assets/ui/badges/zen.webp
1d7520ea0c25fb9bbedb161889ad170bdb860d5aa9823cd154d3b59fa2dfa879  /assets/ui/badges/team.webp
310fa6ead313af11ab30f5677fc8736335d185db3365e4127eb828f6736b01e5  /assets/ui/badges/indoor.webp
b8899504a1106726c9ddf921b0030c416b4f29322525a409e73681c27bd599c9  /assets/ui/badges/outdoor.webp
1e84396745224c2b927d6bc11ce2fcbf1396b9602e6ad0ba01e134f239603a84  /assets/ui/badges/reflex.webp
43967a197c722968a639f293a828ca3c6352d848ae03fef4b51ec979145bc03a  /assets/ui/badges/streak3.webp
b5b26ab46e52a85a34b0daaa593bdf018bab730641c135c85e2376eabbf8c794  /assets/ui/badges/streak7.webp
b1f85dd657f9b950a95d6c1090196287b3070a632e247c926dd312756e8e2546  /assets/ui/badges/champ.webp
4d4aa6b85753d84917e632387f956d8f4eae1c61565d9bdb1e39b8aa5f6cc016  /assets/ui/badges/zippy.webp
b1a1fea467e45292a44e681ec3a47be86dc0e553b3abde224f7347a101db6d64  /assets/ui/badges/unlocked.webp
10746f9ef7489e2e7e2da557272eba50a84f4a8aed06f7c12df2d1fcb085ec7c  /assets/ui/avatars/monkey.webp
c05d2b8b48dabffa642694e95bd820c252d6106f76d97daf7a949adce92c3888  /assets/ui/avatars/dog.webp
3e540c6a28089d02a1f9c2095b6b9994a65fdfe29b1080d4437aedb48b08188c  /assets/ui/avatars/dinosaur.webp
b33bfd402d8da4f544e025d1c7c84e08d90b08cca7d31ab5e8363300b2c59d5c  /assets/ui/avatars/unicorn.webp
e22a427b1046bd586f68cbdaa648661521cca832eb4d78ba9511a19aea3ff54e  /assets/ui/avatars/alien.webp
51f0f3cf200c27f81c266dcb61ce09b579e81e270ca016ed71dc8dea40fe5598  /assets/ui/avatars/robot.webp
b191c8d2aca94f380e72686a7eca150a8cbf887fd528ceb16247ab94d3f12519  /assets/ui/avatars/fox.webp
74610c9127f1a42fe9aaff47b980b82913df338383eb35dc351147759ca4e08e  /assets/ui/avatars/panda.webp
459533bd4513493428e0a6dff252f3da4bb31028b45d9196a130fa05bfa244ac  /assets/ui/avatars/tiger.webp
17ee84814c85fd1d2b69309d6875b78fd9e8731c6d10eb01cc296e20589ce5db  /assets/ui/avatars/koala.webp
13466adae692c33361fe411028f5a4d0cd9a795536ea926173f2129808cd24c5  /assets/ui/avatars/frog.webp
ddf9aa3b67640ac08a20ae14e6fb42b4704b0253cdd9a86733c02b976aea4ac8  /assets/ui/avatars/butterfly.webp
7b2642fca8d1ba0f9ed4b1099e775d04b86a37eef429c4953069677e30af2a30  /assets/ui/special/ages-3-5.webp
90ad169408cda067381106184ee15622a59be699dbb5ff7d5d3ebee773e4a511  /assets/ui/special/ages-6-8.webp
2651c01dc77bd224494fbc36ebbee905ffd7eaaf2049c6f9a2b8d29cf126c513  /assets/ui/special/ages-8-up.webp
67629015fc38c14b1c48814de7017ee57ad1c15ee5844a4ae551950fc283726e  /assets/ui/special/leo-island.webp
b60e65c93dc19d35badf279a8d31f247035fdd3c2f230cbe4ea72c88d916921b  /assets/ui/special/streak.webp
78e671056cfaa5544c15d8a3c917bc2f6aad899b320c2773c6b624139ae2b4d0  /assets/ui/special/celebration.webp
785b58079f398ce6e9395749f2043ed082f8a75e73a063aeec0eac73322aba37  /assets/ui/hero/home-hero-light.webp
ed0cf6840483a7c3f7c12507e7c1c91cc4bc8c7704c6c01c7b9fb294b0907beb  /assets/ui/hero/home-hero-dark.webp
ad941e976aa325edcfd39ba7483266c8b00b981c38d4978f2893487507ee870e  /assets/equipment/jumvi-paddle-128.png
1f6e25951cc164df7010f8404f82cbf6646436fd5c7d9c1f266af56ec2725ea1  /assets/equipment/jumvi-ball-128.png
114c9389176f988a6c4ebda59e0ff811a5889ff676d0383657d67e40fdef00c3  /assets/equipment/jumvi-paddle-real.webp
669eba27ec7a1e94651df6b31117e0037aaad5e4f722b5ebb6d64d0f61009215  /assets/equipment/jumvi-paddle-back-real.webp
0a5554b2872d235b87a65d74059dc62f7e556426b0ebd38a5ddf696a623e99d3  /assets/equipment/jumvi-ball-real.webp
9c2ae7a7ca8e46486a560dd8c7dd965204a4b9164301f1115402b69f2fa58901  /confetti.min.js
ed3fd2cdbb2cb9081c08ceba5bcd60b44932e5a4b253a0cdfb2a107c2a9af7cc  /jumvi-icons.css
8034e94c1aead92a403a230e8a8910195d3c98d7181849e746467cbf7967ff9b  /leo-tour.css
2ddfbc2da76d8571322dcb57e441c3d00e72254228630dbc26227a92eada201d  /leo-tour.js
5edb07f107be4507ff8bfc4d57c8ac570a652cb1c510827f5be52a65074aa7e0  /jumvi-redlight.js
53a44677842df763d9e04e35f2ab61416b475e4f154eebba394489af15ccfb66  /coach-leo-audio.js
f3df6513a53c96053bf2021ff2d82e0b874151503e29abf72eff8ce4d4557799  /jumvi-world-ambience.js
03d9db8fd06b97b0b606426ce13651834366ececd461d716b9db1f2c8858366a  /jumvi-music-scheduler.js
595fa3c58bb62f03a46cdd1bedecfe051f67c4f02da6ec6eb065d580e0ced0ec  /jumvi-sonic-cues.js
7208548d3773463c43f2a02108339f39f6135f487e6d5480e2bf51f27bb26dd1  /manifest.json
e928cb45667c052cc9a7442cb8cb5c04143732d373eda759267467b6a48c73aa  /assets/logo/jumvi_logo_dark-96.webp
0a21b5e268e30902e04b0140a5537215e771751348ab3fc187b68c2547e4bcc8  /assets/logo/jumvi_logo_dark-192.webp
e93c097b25b81349508e49b26d0cacfc4d6af77075b84fdd47c3ab362db4f412  /assets/logo/jumvi_logo_light-96.webp
d9df21780bd388edd52320e3a453d653d88ce2fe5f3013f135720975c840b195  /assets/logo/jumvi_logo_light-192.webp
c83229c780a4075c6b119d9d9828619472686e49d7f6e8975e2499308cca9896  /assets/leo/leo-face-64.webp
25f60ee095f9d4bcc7636b12d421ad5afb96d0617a00e7bce84233a41a77ef00  /assets/leo/leo-face-64@2x.webp
4696e4046260a61e0ccee3bada85ce83ab5ec88119e7f551752edc79e3d25a95  /assets/leo/leo-wave-240.webp
9d33a1b577baf9c153d926524b019b9cd07047c506177c89105a64e1c3ed16fd  /assets/leo/leo-wave-240@2x.webp
883092f0d6b0b83024ae67ef39024fe01f464437b38b77da37bb81cff1a6d066  /assets/leo/leo-point-160.webp
f32cb82c98546144ec14d611809ff75410c629166fe3535bae79adfff325c6fe  /assets/leo/leo-point-160@2x.webp
27d49d7c8362279bf81267c615481f4be9548d7568d58889aeb1a6395dd6c070  /assets/fonts/fredoka-var-latin-1.woff2
337681f6b85d3ea22d9dd48c593d32a3a2588755a76ad9e3a4c64d014db51db1  /assets/fonts/fredoka-var-latin-ext-1.woff2
6ebac8ec9732f446d808365723879515f137e3cdac1306d23d36226853a86585  /icons/icon-192.png
8a4c9bbba038894e63faeb1d6948408b3352339f4c9835bdb424ea3ee54ab541  /icons/icon-512.png
346ec2413109bf4aaf735418a4759517f18eb89d2fdaaa668eaa4d25bfbe340a  /icons/icon-512-maskable.png
6874e57c538c6d563bc27981e6b21d0a01c8fc847854d3e74f15814d41567df7  /icons/apple-touch-icon.png
