# GENERATED by tools/check-core-assets.sh — do not hand-edit.
# Bump CACHE_NAME in service-worker.js, then re-run with --update.
CACHE_NAME=jumvi-missions-v148
4ed0a79ba1874c8d94e5a4be2db67b187c6236c30a984ea84189570c72ec13af  /
4ed0a79ba1874c8d94e5a4be2db67b187c6236c30a984ea84189570c72ec13af  /index.html
60dbb51f09734741201b5a5295ac0805e936ef50bbbd650c64dd4594f0e1ea3a  /style.css
b8234dde84013181f3947905cd369c62856ef6be6955840b11977607f8d2543f  /app.js
67c6e5de18775aff684aee6b544cd63f72ff0276760ae8ae7d1a7b706dc2f4c2  /data.js
9c2ae7a7ca8e46486a560dd8c7dd965204a4b9164301f1115402b69f2fa58901  /confetti.min.js
d370dd5e0682c422d6a6bd1ffced6e03ad13146739cfdc1cfb0268e2082d43c6  /jumvi-icons.css
8034e94c1aead92a403a230e8a8910195d3c98d7181849e746467cbf7967ff9b  /leo-tour.css
2ddfbc2da76d8571322dcb57e441c3d00e72254228630dbc26227a92eada201d  /leo-tour.js
de8ab8c6bf52d34f5bcfc6c902987fe674c5409fce04949267bc06ba0d9ea900  /jumvi-mission-icons.js
4c64fe6dd223fd410c163171f70f76703082b91960a70d0d3e7935ae60d920cd  /jumvi-redlight.js
7208548d3773463c43f2a02108339f39f6135f487e6d5480e2bf51f27bb26dd1  /manifest.json
e928cb45667c052cc9a7442cb8cb5c04143732d373eda759267467b6a48c73aa  /assets/logo/jumvi_logo_dark-96.webp
0a21b5e268e30902e04b0140a5537215e771751348ab3fc187b68c2547e4bcc8  /assets/logo/jumvi_logo_dark-192.webp
e93c097b25b81349508e49b26d0cacfc4d6af77075b84fdd47c3ab362db4f412  /assets/logo/jumvi_logo_light-96.webp
d9df21780bd388edd52320e3a453d653d88ce2fe5f3013f135720975c840b195  /assets/logo/jumvi_logo_light-192.webp
c83229c780a4075c6b119d9d9828619472686e49d7f6e8975e2499308cca9896  /assets/leo/leo-face-64.webp
25f60ee095f9d4bcc7636b12d421ad5afb96d0617a00e7bce84233a41a77ef00  /assets/leo/leo-face-64@2x.webp
4696e4046260a61e0ccee3bada85ce83ab5ec88119e7f551752edc79e3d25a95  /assets/leo/leo-wave-240.webp
9d33a1b577baf9c153d926524b019b9cd07047c506177c89105a64e1c3ed16fd  /assets/leo/leo-wave-240@2x.webp
883092f0d6b0b83024ae67ef39024fe01f464437b38b77da37bb81cff1a6d066  /assets/leo/leo-point-160.webp
f32cb82c98546144ec14d611809ff75410c629166fe3535bae79adfff325c6fe  /assets/leo/leo-point-160@2x.webp
6ebac8ec9732f446d808365723879515f137e3cdac1306d23d36226853a86585  /icons/icon-192.png
8a4c9bbba038894e63faeb1d6948408b3352339f4c9835bdb424ea3ee54ab541  /icons/icon-512.png
346ec2413109bf4aaf735418a4759517f18eb89d2fdaaa668eaa4d25bfbe340a  /icons/icon-512-maskable.png
6874e57c538c6d563bc27981e6b21d0a01c8fc847854d3e74f15814d41567df7  /icons/apple-touch-icon.png
