4493765e0f6579602d3a722743d09bd11b00a595dd0df20b8b83b17982cf7d10  app.js?v=20260904-1
d60a498d07a31738de5045fe68a44e86ce2fc625c8d1f44c3a2e8e3328448d4b  assets/leo/leo-guide-256.png?v=20260717-1
cb741089b86a3ddcba93c2a28b585faad0800a30a8899f18e6d321e51a8dacc4  assets/leo/leo-guide-256.webp?v=20260717-1
45376144aaf777debd4c9e7605d166eec543336cb82f2cc69be87134b49c240d  coach-leo-audio.js?v=20260827-1
9c2ae7a7ca8e46486a560dd8c7dd965204a4b9164301f1115402b69f2fa58901  confetti.min.js?v=20260524-29
02a9743dfcee200a0c7530183c42ecd71b0251782857fec0e106b8db0fc66b44  data.js?v=20260831-1
707fd2c245d62d227150a02e35275f13868cd723f3de4a45a330281cd081795b  jumvi-art.js?v=20260905-1
8f39315075a6d2af5df4c54725b2507172dc3831eab773e78456b1fc16b815af  jumvi-hub-app.js?v=20260821-1
8114c16a9c8f42b052935e7ef55fca69678545d9bea43fac27dfafeeaf25f56d  jumvi-icons.css?v=20260904-1
cdfa65fcc8f989e9fd52907251fb0395f7de36dcbf397a8e4d92b30a5871d5a6  jumvi-leo.js?v=20260813-1
2d9d9632b49de0f477143b98f552fe899763ce2a2172a357e613527c6413ce73  jumvi-mission-icons.js?v=20260827-1
03d9db8fd06b97b0b606426ce13651834366ececd461d716b9db1f2c8858366a  jumvi-music-scheduler.js?v=20260814-1
1786271a184bf0bf742f6b8ad470eb62d5d26438963dd2da8a5f766496461bc9  jumvi-redlight.js?v=20260819-1
595fa3c58bb62f03a46cdd1bedecfe051f67c4f02da6ec6eb065d580e0ced0ec  jumvi-sonic-cues.js?v=20260814-1
f3df6513a53c96053bf2021ff2d82e0b874151503e29abf72eff8ce4d4557799  jumvi-world-ambience.js?v=20260814-1
8034e94c1aead92a403a230e8a8910195d3c98d7181849e746467cbf7967ff9b  leo-tour.css?v=20260711-3
2ddfbc2da76d8571322dcb57e441c3d00e72254228630dbc26227a92eada201d  leo-tour.js?v=20260722-1
4aea1be396dca6b849436d003ea35ba20f62cb00761a56b5798d2711334a1fe2  mission-coaching.js?v=20260814-4
b4ba96941943c155ea0bb6b81a5c563bb158d17b4f3304f47e2f9cf966b73d01  service-worker.js?v=20260904-1
428fc68cb4740412f3b91bf768e391461f23bd6f5b13168b26532342b20ad8f6  style.css?v=20260827-1
a764daf48a113e9ffb2655b8a6f5c3f3eade51e34bdac64d80e449f0bb007975  tr/i18n.js?v=20260904-1
